
Microsoft Visual Studio Solution File, Format Version 12.00
# Visual Studio Version 16
VisualStudioVersion = 16.0.32929.386
MinimumVisualStudioVersion = 10.0.40219.1
Project("{FAE04EC0-301F-11D3-BF4B-00C04F79EFBC}") = "WSBlazorInsectos", "WSBlazorInsectos\WSBlazorInsectos.csproj", "{CA843409-0B14-4EA2-BDC2-58C4A8CB662C}"
EndProject
Global
	GlobalSection(SolutionConfigurationPlatforms) = preSolution
		Debug|Any CPU = Debug|Any CPU
		Release|Any CPU = Release|Any CPU
	EndGlobalSection
	GlobalSection(ProjectConfigurationPlatforms) = postSolution
		{CA843409-0B14-4EA2-BDC2-58C4A8CB662C}.Debug|Any CPU.ActiveCfg = Debug|Any CPU
		{CA843409-0B14-4EA2-BDC2-58C4A8CB662C}.Debug|Any CPU.Build.0 = Debug|Any CPU
		{CA843409-0B14-4EA2-BDC2-58C4A8CB662C}.Release|Any CPU.ActiveCfg = Release|Any CPU
		{CA843409-0B14-4EA2-BDC2-58C4A8CB662C}.Release|Any CPU.Build.0 = Release|Any CPU
	EndGlobalSection
	GlobalSection(SolutionProperties) = preSolution
		HideSolutionNode = FALSE
	EndGlobalSection
	GlobalSection(ExtensibilityGlobals) = postSolution
		SolutionGuid = {3187B2C3-CC00-4C13-9114-380CB8CB3121}
	EndGlobalSection
EndGlobal
